{
  "name": "api.jonaebert.de",
  "lockfileVersion": 3,
  "requires": true,
  "packages": {
    "": {
      "dependencies": {
        "@hono/node-server": "^1.19.5",
        "hono": "^4.10.3",
        "ical-generator": "^10.0.0",
        "node-ical": "^0.22.1",
        "rrule": "^2.8.1"
      },
      "devDependencies": {
        "dotenv": "^17.2.3"
      }
    },
    "node_modules/@hono/node-server": {
      "version": "1.19.5",
      "resolved": "https://registry.npmjs.org/@hono/node-server/-/node-server-1.19.5.tgz",
      "integrity": "sha512-iBuhh+uaaggeAuf+TftcjZyWh2GEgZcVGXkNtskLVoWaXhnJtC5HLHrU8W1KHDoucqO1MswwglmkWLFyiDn4WQ==",
      "license": "MIT",
      "engines": {
        "node": ">=18.14.1"
      },
      "peerDependencies": {
        "hono": "^4"
      }
    },
    "node_modules/dotenv": {
      "version": "17.2.3",
      "resolved": "https://registry.npmjs.org/dotenv/-/dotenv-17.2.3.tgz",
      "integrity": "sha512-JVUnt+DUIzu87TABbhPmNfVdBDt18BLOWjMUFJMSi/Qqg7NTYtabbvSNJGOJ7afbRuv9D/lngizHtP7QyLQ+9w==",
      "dev": true,
      "license": "BSD-2-Clause",
      "engines": {
        "node": ">=12"
      },
      "funding": {
        "url": "https://dotenvx.com"
      }
    },
    "node_modules/hono": {
      "version": "4.10.3",
      "resolved": "https://registry.npmjs.org/hono/-/hono-4.10.3.tgz",
      "integrity": "sha512-2LOYWUbnhdxdL8MNbNg9XZig6k+cZXm5IjHn2Aviv7honhBMOHb+jxrKIeJRZJRmn+htUCKhaicxwXuUDlchRA==",
      "license": "MIT",
      "engines": {
        "node": ">=16.9.0"
      }
    },
    "node_modules/ical-generator": {
      "version": "10.0.0",
      "resolved": "https://registry.npmjs.org/ical-generator/-/ical-generator-10.0.0.tgz",
      "integrity": "sha512-YUQ7H4eZdLfYvx3zE/qN4AoG0qqwMZG37vLdWzysXFDn/YQEfctZ9tQuPSBncARKgv79d2smWf5Sh67k6xiZfg==",
      "license": "MIT",
      "engines": {
        "node": "20 || 22 || >=24"
      },
      "peerDependencies": {
        "@touch4it/ical-timezones": ">=1.6.0",
        "@types/luxon": ">= 1.26.0",
        "@types/mocha": ">= 8.2.1",
        "dayjs": ">= 1.10.0",
        "luxon": ">= 1.26.0",
        "moment": ">= 2.29.0",
        "moment-timezone": ">= 0.5.33",
        "rrule": ">= 2.6.8"
      },
      "peerDependenciesMeta": {
        "@touch4it/ical-timezones": {
          "optional": true
        },
        "@types/luxon": {
          "optional": true
        },
        "@types/mocha": {
          "optional": true
        },
        "@types/node": {
          "optional": true
        },
        "dayjs": {
          "optional": true
        },
        "luxon": {
          "optional": true
        },
        "moment": {
          "optional": true
        },
        "moment-timezone": {
          "optional": true
        },
        "rrule": {
          "optional": true
        }
      }
    },
    "node_modules/node-ical": {
      "version": "0.22.1",
      "resolved": "https://registry.npmjs.org/node-ical/-/node-ical-0.22.1.tgz",
      "integrity": "sha512-rMdc5hhJT3ZPtZIWfEXcetRrPl2xeHGpMJX8lq4VwyLKfOzGr+rXVtx0lD8lSf27Hn3mxrbU3MUcMSMXp4rIQA==",
      "license": "Apache-2.0",
      "dependencies": {
        "rrule": "2.8.1"
      },
      "engines": {
        "node": ">=18"
      }
    },
    "node_modules/rrule": {
      "version": "2.8.1",
      "resolved": "https://registry.npmjs.org/rrule/-/rrule-2.8.1.tgz",
      "integrity": "sha512-hM3dHSBMeaJ0Ktp7W38BJZ7O1zOgaFEsn41PDk+yHoEtfLV+PoJt9E9xAlZiWgf/iqEqionN0ebHFZIDAp+iGw==",
      "license": "BSD-3-Clause",
      "dependencies": {
        "tslib": "^2.4.0"
      }
    },
    "node_modules/tslib": {
      "version": "2.7.0",
      "resolved": "https://registry.npmjs.org/tslib/-/tslib-2.7.0.tgz",
      "integrity": "sha512-gLXCKdN1/j47AiHiOkJN69hJmcbGTHI0ImLmbYLHykhgeN0jVGola9yVjFgzCUklsZQMW55o+dW7IXv3RCXDzA==",
      "license": "0BSD"
    }
  }
}
